// !$*UTF8*$!
{
	archiveVersion = 1;
	classes = {
	};
	objectVersion = 50;
	objects = {

/* Begin PBXBuildFile section */
		7CE03A12260F9E7D00727DC9 /* myFavoriteTeamAppApp.swift in Sources */ = {isa = PBXBuildFile; fileRef = 7CE03A11260F9E7D00727DC9 /* myFavoriteTeamAppApp.swift */; };
		7CE03A14260F9E7D00727DC9 /* ContentView.swift in Sources */ = {isa = PBXBuildFile; fileRef = 7CE03A13260F9E7D00727DC9 /* ContentView.swift */; };
		7CE03A16260F9E8600727DC9 /* Assets.xcassets in Resources */ = {isa = PBXBuildFile; fileRef = 7CE03A15260F9E8600727DC9 /* Assets.xcassets */; };
		7CE03A19260F9E8600727DC9 /* Preview Assets.xcassets in Resources */ = {isa = PBXBuildFile; fileRef = 7CE03A18260F9E8600727DC9 /* Preview Assets.xcassets */; };
		7CE03A22260FA03A00727DC9 /* teamModel.swift in Sources */ = {isa = PBXBuildFile; fileRef = 7CE03A21260FA03A00727DC9 /* teamModel.swift */; };
		7CE03A26260FD16200727DC9 /* details.swift in Sources */ = {isa = PBXBuildFile; fileRef = 7CE03A25260FD16200727DC9 /* details.swift */; };
/* End PBXBuildFile section */

/* Begin PBXFileReference section */
		7CE03A0E260F9E7D00727DC9 /* myFavoriteTeamApp.app */ = {isa = PBXFileReference; explicitFileType = wrapper.application; includeInIndex = 0; path = myFavoriteTeamApp.app; sourceTree = BUILT_PRODUCTS_DIR; };
		7CE03A11260F9E7D00727DC9 /* myFavoriteTeamAppApp.swift */ = {isa = PBXFileReference; lastKnownFileType = sourcecode.swift; path = myFavoriteTeamAppApp.swift; sourceTree = "<group>"; };
		7CE03A13260F9E7D00727DC9 /* ContentView.swift */ = {isa = PBXFileReference; lastKnownFileType = sourcecode.swift; path = ContentView.swift; sourceTree = "<group>"; };
		7CE03A15260F9E8600727DC9 /* Assets.xcassets */ = {isa = PBXFileReference; lastKnownFileType = folder.assetcatalog; path = Assets.xcassets; sourceTree = "<group>"; };
		7CE03A18260F9E8600727DC9 /* Preview Assets.xcassets */ = {isa = PBXFileReference; lastKnownFileType = folder.assetcatalog; path = "Preview Assets.xcassets"; sourceTree = "<group>"; };
		7CE03A1A260F9E8600727DC9 /* Info.plist */ = {isa = PBXFileReference; lastKnownFileType = text.plist.xml; path = Info.plist; sourceTree = "<group>"; };
		7CE03A21260FA03A00727DC9 /* teamModel.swift */ = {isa = PBXFileReference; lastKnownFileType = sourcecode.swift; path = teamModel.swift; sourceTree = "<group>"; };
		7CE03A25260FD16200727DC9 /* details.swift */ = {isa = PBXFileReference; lastKnownFileType = sourcecode.swift; path = details.swift; sourceTree = "<group>"; };
/* End PBXFileReference section */

/* Begin PBXFrameworksBuildPhase section */
		7CE03A0B260F9E7D00727DC9 /* Frameworks */ = {
			isa = PBXFrameworksBuildPhase;
			buildActionMask = 2147483647;
			files = (
			);
			runOnlyForDeploymentPostprocessing = 0;
		};
/* End PBXFrameworksBuildPhase section */

/* Begin PBXGroup section */
		7CE03A05260F9E7D00727DC9 = {
			isa = PBXGroup;
			children = (
				7CE03A10260F9E7D00727DC9 /* myFavoriteTeamApp */,
				7CE03A0F260F9E7D00727DC9 /* Products */,
			);
			sourceTree = "<group>";
		};
		7CE03A0F260F9E7D00727DC9 /* Products */ = {
			isa = PBXGroup;
			children = (
				7CE03A0E260F9E7D00727DC9 /* myFavoriteTeamApp.app */,
			);
			name = Products;
			sourceTree = "<group>";
		};
		7CE03A10260F9E7D00727DC9 /* myFavoriteTeamApp */ = {
			isa = PBXGroup;
			children = (
				7CE03A11260F9E7D00727DC9 /* myFavoriteTeamAppApp.swift */,
				7CE03A13260F9E7D00727DC9 /* ContentView.swift */,
				7CE03A21260FA03A00727DC9 /* teamModel.swift */,
				7CE03A25260FD16200727DC9 /* details.swift */,
				7CE03A15260F9E8600727DC9 /* Assets.xcassets */,
				7CE03A1A260F9E8600727DC9 /* Info.plist */,
				7CE03A17260F9E8600727DC9 /* Preview Content */,
			);
			path = myFavoriteTeamApp;
			sourceTree = "<group>";
		};
		7CE03A17260F9E8600727DC9 /* Preview Content */ = {
			isa = PBXGroup;
			children = (
				7CE03A18260F9E8600727DC9 /* Preview Assets.xcassets */,
			);
			path = "Preview Content";
			sourceTree = "<group>";
		};
/* End PBXGroup section */

/* Begin PBXNativeTarget section */
		7CE03A0D260F9E7D00727DC9 /* myFavoriteTeamApp */ = {
			isa = PBXNativeTarget;
			buildConfigurationList = 7CE03A1D260F9E8600727DC9 /* Build configuration list for PBXNativeTarget "myFavoriteTeamApp" */;
			buildPhases = (
				7CE03A0A260F9E7D00727DC9 /* Sources */,
				7CE03A0B260F9E7D00727DC9 /* Frameworks */,
				7CE03A0C260F9E7D00727DC9 /* Resources */,
			);
			buildRules = (
			);
			dependencies = (
			);
			name = myFavoriteTeamApp;
			productName = myFavoriteTeamApp;
			productReference = 7CE03A0E260F9E7D00727DC9 /* myFavoriteTeamApp.app */;
			productType = "com.apple.product-type.application";
		};
/* End PBXNativeTarget section */

/* Begin PBXProject section */
		7CE03A06260F9E7D00727DC9 /* Project object */ = {
			isa = PBXProject;
			attributes = {
				LastSwiftUpdateCheck = 1240;
				LastUpgradeCheck = 1240;
				TargetAttributes = {
					7CE03A0D260F9E7D00727DC9 = {
						CreatedOnToolsVersion = 12.4;
					};
				};
			};
			buildConfigurationList = 7CE03A09260F9E7D00727DC9 /* Build configuration list for PBXProject "myFavoriteTeamApp" */;
			compatibilityVersion = "Xcode 9.3";
			developmentRegion = en;
			hasScannedForEncodings = 0;
			knownRegions = (
				en,
				Base,
			);
			mainGroup = 7CE03A05260F9E7D00727DC9;
			productRefGroup = 7CE03A0F260F9E7D00727DC9 /* Products */;
			projectDirPath = "";
			projectRoot = "";
			targets = (
				7CE03A0D260F9E7D00727DC9 /* myFavoriteTeamApp */,
			);
		};
/* End PBXProject section */

/* Begin PBXResourcesBuildPhase section */
		7CE03A0C260F9E7D00727DC9 /* Resources */ = {
			isa = PBXResourcesBuildPhase;
			buildActionMask = 2147483647;
			files = (
				7CE03A19260F9E8600727DC9 /* Preview Assets.xcassets in Resources */,
				7CE03A16260F9E8600727DC9 /* Assets.xcassets in Resources */,
			);
			runOnlyForDeploymentPostprocessing = 0;
		};
/* End PBXResourcesBuildPhase section */

/* Begin PBXSourcesBuildPhase section */
		7CE03A0A260F9E7D00727DC9 /* Sources */ = {
			isa = PBXSourcesBuildPhase;
			buildActionMask = 2147483647;
			files = (
				7CE03A22260FA03A00727DC9 /* teamModel.swift in Sources */,
				7CE03A14260F9E7D00727DC9 /* ContentView.swift in Sources */,
				7CE03A26260FD16200727DC9 /* details.swift in Sources */,
				7CE03A12260F9E7D00727DC9 /* myFavoriteTeamAppApp.swift in Sources */,
			);
			runOnlyForDeploymentPostprocessing = 0;
		};
/* End PBXSourcesBuildPhase section */

/* Begin XCBuildConfiguration section */
		7CE03A1B260F9E8600727DC9 /* Debug */ = {
			isa = XCBuildConfiguration;
			buildSettings = {
				ALWAYS_SEARCH_USER_PATHS = NO;
				CLANG_ANALYZER_NONNULL = YES;
				CLANG_ANALYZER_NUMBER_OBJECT_CONVERSION = YES_AGGRESSIVE;
				CLANG_CXX_LANGUAGE_STANDARD = "gnu++14";
				CLANG_CXX_LIBRARY = "libc++";
				CLANG_ENABLE_MODULES = YES;
				CLANG_ENABLE_OBJC_ARC = YES;
				CLANG_ENABLE_OBJC_WEAK = YES;
				CLANG_WARN_BLOCK_CAPTURE_AUTORELEASING = YES;
				CLANG_WARN_BOOL_CONVERSION = YES;
				CLANG_WARN_COMMA = YES;
				CLANG_WARN_CONSTANT_CONVERSION = YES;
				CLANG_WARN_DEPRECATED_OBJC_IMPLEMENTATIONS = YES;
				CLANG_WARN_DIRECT_OBJC_ISA_USAGE = YES_ERROR;
				CLANG_WARN_DOCUMENTATION_COMMENTS = YES;
				CLANG_WARN_EMPTY_BODY = YES;
				CLANG_WARN_ENUM_CONVERSION = YES;
				CLANG_WARN_INFINITE_RECURSION = YES;
				CLANG_WARN_INT_CONVERSION = YES;
				CLANG_WARN_NON_LITERAL_NULL_CONVERSION = YES;
				CLANG_WARN_OBJC_IMPLICIT_RETAIN_SELF = YES;
				CLANG_WARN_OBJC_LITERAL_CONVERSION = YES;
				CLANG_WARN_OBJC_ROOT_CLASS = YES_ERROR;
				CLANG_WARN_QUOTED_INCLUDE_IN_FRAMEWORK_HEADER = YES;
				CLANG_WARN_RANGE_LOOP_ANALYSIS = YES;
				CLANG_WARN_STRICT_PROTOTYPES = YES;
				CLANG_WARN_SUSPICIOUS_MOVE = YES;
				CLANG_WARN_UNGUARDED_AVAILABILITY = YES_AGGRESSIVE;
				CLANG_WARN_UNREACHABLE_CODE = YES;
				CLANG_WARN__DUPLICATE_METHOD_MATCH = YES;
				COPY_PHASE_STRIP = NO;
				DEBUG_INFORMATION_FORMAT = dwarf;
				ENABLE_STRICT_OBJC_MSGSEND = YES;
				ENABLE_TESTABILITY = YES;
				GCC_C_LANGUAGE_STANDARD = gnu11;
				GCC_DYNAMIC_NO_PIC = NO;
				GCC_NO_COMMON_BLOCKS = YES;
				GCC_OPTIMIZATION_LEVEL = 0;
				GCC_PREPROCESSOR_DEFINITIONS = (
					"DEBUG=1",
					"$(inherited)",
				);
				GCC_WARN_64_TO_32_BIT_CONVERSION = YES;
				GCC_WARN_ABOUT_RETURN_TYPE = YES_ERROR;
				GCC_WARN_UNDECLARED_SELECTOR = YES;
				GCC_WARN_UNINITIALIZED_AUTOS = YES_AGGRESSIVE;
				GCC_WARN_UNUSED_FUNCTION = YES;
				GCC_WARN_UNUSED_VARIABLE = YES;
				IPHONEOS_DEPLOYMENT_TARGET = 14.4;
				MTL_ENABLE_DEBUG_INFO = INCLUDE_SOURCE;
				MTL_FAST_MATH = YES;
				ONLY_ACTIVE_ARCH = YES;
				SDKROOT = iphoneos;
				SWIFT_ACTIVE_COMPILATION_CONDITIONS = DEBUG;
				SWIFT_OPTIMIZATION_LEVEL = "-Onone";
			};
			name = Debug;
		};
		7CE03A1C260F9E8600727DC9 /* Release */ = {
			isa = XCBuildConfiguration;
			buildSettings = {
				ALWAYS_SEARCH_USER_PATHS = NO;
				CLANG_ANALYZER_NONNULL = YES;
				CLANG_ANALYZER_NUMBER_OBJECT_CONVERSION = YES_AGGRESSIVE;
				CLANG_CXX_LANGUAGE_STANDARD = "gnu++14";
				CLANG_CXX_LIBRARY = "libc++";
				CLANG_ENABLE_MODULES = YES;
				CLANG_ENABLE_OBJC_ARC = YES;
				CLANG_ENABLE_OBJC_WEAK = YES;
				CLANG_WARN_BLOCK_CAPTURE_AUTORELEASING = YES;
				CLANG_WARN_BOOL_CONVERSION = YES;
				CLANG_WARN_COMMA = YES;
				CLANG_WARN_CONSTANT_CONVERSION = YES;
				CLANG_WARN_DEPRECATED_OBJC_IMPLEMENTATIONS = YES;
				CLANG_WARN_DIRECT_OBJC_ISA_USAGE = YES_ERROR;
				CLANG_WARN_DOCUMENTATION_COMMENTS = YES;
				CLANG_WARN_EMPTY_BODY = YES;
				CLANG_WARN_ENUM_CONVERSION = YES;
				CLANG_WARN_INFINITE_RECURSION = YES;
				CLANG_WARN_INT_CONVERSION = YES;
				CLANG_WARN_NON_LITERAL_NULL_CONVERSION = YES;
				CLANG_WARN_OBJC_IMPLICIT_RETAIN_SELF = YES;
				CLANG_WARN_OBJC_LITERAL_CONVERSION = YES;
				CLANG_WARN_OBJC_ROOT_CLASS = YES_ERROR;
				CLANG_WARN_QUOTED_INCLUDE_IN_FRAMEWORK_HEADER = YES;
				CLANG_WARN_RANGE_LOOP_ANALYSIS = YES;
				CLANG_WARN_STRICT_PROTOTYPES = YES;
				CLANG_WARN_SUSPICIOUS_MOVE = YES;
				CLANG_WARN_UNGUARDED_AVAILABILITY = YES_AGGRESSIVE;
				CLANG_WARN_UNREACHABLE_CODE = YES;
				CLANG_WARN__DUPLICATE_METHOD_MATCH = YES;
				COPY_PHASE_STRIP = NO;
				DEBUG_INFORMATION_FORMAT = "dwarf-with-dsym";
				ENABLE_NS_ASSERTIONS = NO;
				ENABLE_STRICT_OBJC_MSGSEND = YES;
				GCC_C_LANGUAGE_STANDARD = gnu11;
				GCC_NO_COMMON_BLOCKS = YES;
				GCC_WARN_64_TO_32_BIT_CONVERSION = YES;
				GCC_WARN_ABOUT_RETURN_TYPE = YES_ERROR;
				GCC_WARN_UNDECLARED_SELECTOR = YES;
				GCC_WARN_UNINITIALIZED_AUTOS = YES_AGGRESSIVE;
				GCC_WARN_UNUSED_FUNCTION = YES;
				GCC_WARN_UNUSED_VARIABLE = YES;
				IPHONEOS_DEPLOYMENT_TARGET = 14.4;
				MTL_ENABLE_DEBUG_INFO = NO;
				MTL_FAST_MATH = YES;
				SDKROOT = iphoneos;
				SWIFT_COMPILATION_MODE = wholemodule;
				SWIFT_OPTIMIZATION_LEVEL = "-O";
				VALIDATE_PRODUCT = YES;
			};
			name = Release;
		};
		7CE03A1E260F9E8600727DC9 /* Debug */ = {
			isa = XCBuildConfiguration;
			buildSettings = {
				ASSETCATALOG_COMPILER_APPICON_NAME = AppIcon;
				ASSETCATALOG_COMPILER_GLOBAL_ACCENT_COLOR_NAME = AccentColor;
				CODE_SIGN_STYLE = Automatic;
				DEVELOPMENT_ASSET_PATHS = "\"myFavoriteTeamApp/Preview Content\"";
				DEVELOPMENT_TEAM = 47FU3Y4972;
				ENABLE_PREVIEWS = YES;
				INFOPLIST_FILE = myFavoriteTeamApp/Info.plist;
				IPHONEOS_DEPLOYMENT_TARGET = 14.0;
				LD_RUNPATH_SEARCH_PATHS = (
					"$(inherited)",
					"@executable_path/Frameworks",
				);
				PRODUCT_BUNDLE_IDENTIFIER = com.mesutaygun.myFavoriteTeamApp;
				PRODUCT_NAME = "$(TARGET_NAME)";
				SWIFT_VERSION = 5.0;
				TARGETED_DEVICE_FAMILY = "1,2";
			};
			name = Debug;
		};
		7CE03A1F260F9E8600727DC9 /* Release */ = {
			isa = XCBuildConfiguration;
			buildSettings = {
				ASSETCATALOG_COMPILER_APPICON_NAME = AppIcon;
				ASSETCATALOG_COMPILER_GLOBAL_ACCENT_COLOR_NAME = AccentColor;
				CODE_SIGN_STYLE = Automatic;
				DEVELOPMENT_ASSET_PATHS = "\"myFavoriteTeamApp/Preview Content\"";
				DEVELOPMENT_TEAM = 47FU3Y4972;
				ENABLE_PREVIEWS = YES;
				INFOPLIST_FILE = myFavoriteTeamApp/Info.plist;
				IPHONEOS_DEPLOYMENT_TARGET = 14.0;
				LD_RUNPATH_SEARCH_PATHS = (
					"$(inherited)",
					"@executable_path/Frameworks",
				);
				PRODUCT_BUNDLE_IDENTIFIER = com.mesutaygun.myFavoriteTeamApp;
				PRODUCT_NAME = "$(TARGET_NAME)";
				SWIFT_VERSION = 5.0;
				TARGETED_DEVICE_FAMILY = "1,2";
			};
			name = Release;
		};
/* End XCBuildConfiguration section */

/* Begin XCConfigurationList section */
		7CE03A09260F9E7D00727DC9 /* Build configuration list for PBXProject "myFavoriteTeamApp" */ = {
			isa = XCConfigurationList;
			buildConfigurations = (
				7CE03A1B260F9E8600727DC9 /* Debug */,
				7CE03A1C260F9E8600727DC9 /* Release */,
			);
			defaultConfigurationIsVisible = 0;
			defaultConfigurationName = Release;
		};
		7CE03A1D260F9E8600727DC9 /* Build configuration list for PBXNativeTarget "myFavoriteTeamApp" */ = {
			isa = XCConfigurationList;
			buildConfigurations = (
				7CE03A1E260F9E8600727DC9 /* Debug */,
				7CE03A1F260F9E8600727DC9 /* Release */,
			);
			defaultConfigurationIsVisible = 0;
			defaultConfigurationName = Release;
		};
/* End XCConfigurationList section */
	};
	rootObject = 7CE03A06260F9E7D00727DC9 /* Project object */;
}
